
Microsoft Visual Studio Solution File, Format Version 12.00
Project("{FAE04EC0-301F-11D3-BF4B-00C04F79EFBC}") = "HealthRecApp", "HealthRecApp\HealthRecApp.csproj", "{DA7EC2A1-F964-4159-851B-2E57E6A67E6A}"
EndProject
Global
	GlobalSection(SolutionConfigurationPlatforms) = preSolution
		Debug|Any CPU = Debug|Any CPU
		Release|Any CPU = Release|Any CPU
	EndGlobalSection
	GlobalSection(ProjectConfigurationPlatforms) = postSolution
		{DA7EC2A1-F964-4159-851B-2E57E6A67E6A}.Debug|Any CPU.ActiveCfg = Debug|Any CPU
		{DA7EC2A1-F964-4159-851B-2E57E6A67E6A}.Debug|Any CPU.Build.0 = Debug|Any CPU
		{DA7EC2A1-F964-4159-851B-2E57E6A67E6A}.Release|Any CPU.ActiveCfg = Release|Any CPU
		{DA7EC2A1-F964-4159-851B-2E57E6A67E6A}.Release|Any CPU.Build.0 = Release|Any CPU
	EndGlobalSection
EndGlobal
